// !$*UTF8*$!
{
	archiveVersion = 1;
	classes = {
	};
	objectVersion = 110;
	objects = {

/* Begin PBXBuildFile section */
		890C5788307A202F0027FF16 /* TextAction.swift in Sources */ = {isa = PBXBuildFile; fileRef = 890C5787307A202F0027FF16 /* TextAction.swift */; };
		890C5789307A202F0027FF16 /* TextAction.swift in Sources */ = {isa = PBXBuildFile; fileRef = 890C5787307A202F0027FF16 /* TextAction.swift */; };
		890C578B307A2E960027FF16 /* ModelTier.swift in Sources */ = {isa = PBXBuildFile; fileRef = 890C578A307A2E960027FF16 /* ModelTier.swift */; };
		890C578C307A2E960027FF16 /* ModelTier.swift in Sources */ = {isa = PBXBuildFile; fileRef = 890C578A307A2E960027FF16 /* ModelTier.swift */; };
		890C578E307A2EA70027FF16 /* Preferences.swift in Sources */ = {isa = PBXBuildFile; fileRef = 890C578D307A2EA70027FF16 /* Preferences.swift */; };
		890C578F307A2EA70027FF16 /* Preferences.swift in Sources */ = {isa = PBXBuildFile; fileRef = 890C578D307A2EA70027FF16 /* Preferences.swift */; };
		8971EA7B30724D56002F03ED /* MailCorrectorExtension.appex in Embed Foundation Extensions */ = {isa = PBXBuildFile; fileRef = 8971EA7430724D56002F03ED /* MailCorrectorExtension.appex */; };
		8971EA8E30724F0E002F03ED /* OpenAIClient.swift in Sources */ = {isa = PBXBuildFile; fileRef = 8971EA8530724DD7002F03ED /* OpenAIClient.swift */; };
		8971EA8F30724F0E002F03ED /* KeychainStore.swift in Sources */ = {isa = PBXBuildFile; fileRef = 8971EA8430724DC2002F03ED /* KeychainStore.swift */; };
		8971EA9030724F0E002F03ED /* KeychainStore.swift in Sources */ = {isa = PBXBuildFile; fileRef = 8971EA8430724DC2002F03ED /* KeychainStore.swift */; };
		8971EA9130724F0E002F03ED /* OpenAIClient.swift in Sources */ = {isa = PBXBuildFile; fileRef = 8971EA8530724DD7002F03ED /* OpenAIClient.swift */; };
/* End PBXBuildFile section */

/* Begin PBXContainerItemProxy section */
		8971EA7930724D56002F03ED /* PBXContainerItemProxy */ = {
			isa = PBXContainerItemProxy;
			containerPortal = 8976D0EF3072425200995266 /* Project object */;
			proxyType = 1;
			remoteGlobalIDString = 8971EA7330724D56002F03ED;
			remoteInfo = MailCorrectorExtension;
		};
/* End PBXContainerItemProxy section */

/* Begin PBXCopyFilesBuildPhase section */
		8971EA7C30724D56002F03ED /* Embed Foundation Extensions */ = {
			isa = PBXCopyFilesBuildPhase;
			dstPath = "";
			dstSubfolder = PlugIns;
			files = (
				8971EA7B30724D56002F03ED /* MailCorrectorExtension.appex in Embed Foundation Extensions */,
			);
			name = "Embed Foundation Extensions";
		};
/* End PBXCopyFilesBuildPhase section */

/* Begin PBXFileReference section */
		890C5787307A202F0027FF16 /* TextAction.swift */ = {isa = PBXFileReference; lastKnownFileType = sourcecode.swift; path = TextAction.swift; sourceTree = "<group>"; };
		890C578A307A2E960027FF16 /* ModelTier.swift */ = {isa = PBXFileReference; lastKnownFileType = sourcecode.swift; path = ModelTier.swift; sourceTree = "<group>"; };
		890C578D307A2EA70027FF16 /* Preferences.swift */ = {isa = PBXFileReference; lastKnownFileType = sourcecode.swift; path = Preferences.swift; sourceTree = "<group>"; };
		8971EA7430724D56002F03ED /* MailCorrectorExtension.appex */ = {isa = PBXFileReference; explicitFileType = "wrapper.app-extension"; includeInIndex = 0; path = MailCorrectorExtension.appex; sourceTree = BUILT_PRODUCTS_DIR; };
		8971EA8430724DC2002F03ED /* KeychainStore.swift */ = {isa = PBXFileReference; lastKnownFileType = sourcecode.swift; path = KeychainStore.swift; sourceTree = "<group>"; };
		8971EA8530724DD7002F03ED /* OpenAIClient.swift */ = {isa = PBXFileReference; lastKnownFileType = sourcecode.swift; path = OpenAIClient.swift; sourceTree = "<group>"; };
		8976D0F73072425200995266 /* MailCorrector.app */ = {isa = PBXFileReference; explicitFileType = wrapper.application; includeInIndex = 0; path = MailCorrector.app; sourceTree = BUILT_PRODUCTS_DIR; };
		89D9455E30752F9D00586C4E /* Base.xcconfig */ = {isa = PBXFileReference; lastKnownFileType = text.xcconfig; path = Base.xcconfig; sourceTree = "<group>"; };
		89D9455F30752F9D00586C4E /* Developer.xcconfig */ = {isa = PBXFileReference; lastKnownFileType = text.xcconfig; path = Developer.xcconfig; sourceTree = "<group>"; };
		89D9456030752F9D00586C4E /* Developer.xcconfig.example */ = {isa = PBXFileReference; lastKnownFileType = text; path = Developer.xcconfig.example; sourceTree = "<group>"; };
/* End PBXFileReference section */

/* Begin PBXFileSystemSynchronizedBuildFileExceptionSet section */
		8971EA7F30724D56002F03ED /* Exceptions for "MailCorrectorExtension" folder in "MailCorrectorExtension" target */ = {
			isa = PBXFileSystemSynchronizedBuildFileExceptionSet;
			membershipExceptions = (
				Info.plist,
			);
			target = 8971EA7330724D56002F03ED /* MailCorrectorExtension */;
		};
/* End PBXFileSystemSynchronizedBuildFileExceptionSet section */

/* Begin PBXFileSystemSynchronizedRootGroup section */
		8971EA7530724D56002F03ED /* MailCorrectorExtension */ = {
			isa = PBXFileSystemSynchronizedRootGroup;
			exceptions = (
				8971EA7F30724D56002F03ED /* Exceptions for "MailCorrectorExtension" folder in "MailCorrectorExtension" target */,
			);
			path = MailCorrectorExtension;
			sourceTree = "<group>";
		};
		8976D0F93072425200995266 /* MailCorrector */ = {
			isa = PBXFileSystemSynchronizedRootGroup;
			path = MailCorrector;
			sourceTree = "<group>";
		};
/* End PBXFileSystemSynchronizedRootGroup section */

/* Begin PBXFrameworksBuildPhase section */
		8971EA7130724D56002F03ED /* Frameworks */ = {
			isa = PBXFrameworksBuildPhase;
			files = (
			);
		};
		8976D0F43072425200995266 /* Frameworks */ = {
			isa = PBXFrameworksBuildPhase;
			files = (
			);
		};
/* End PBXFrameworksBuildPhase section */

/* Begin PBXGroup section */
		8971EA8330724DC2002F03ED /* Shared */ = {
			isa = PBXGroup;
			children = (
				8971EA8430724DC2002F03ED /* KeychainStore.swift */,
				8971EA8530724DD7002F03ED /* OpenAIClient.swift */,
				890C5787307A202F0027FF16 /* TextAction.swift */,
				890C578A307A2E960027FF16 /* ModelTier.swift */,
				890C578D307A2EA70027FF16 /* Preferences.swift */,
			);
			path = Shared;
			sourceTree = "<group>";
		};
		8976D0EE3072425200995266 = {
			isa = PBXGroup;
			children = (
				89D9456130752F9D00586C4E /* Config */,
				8976D0F93072425200995266 /* MailCorrector */,
				8971EA7530724D56002F03ED /* MailCorrectorExtension */,
				8976D0F83072425200995266 /* Products */,
				8971EA8330724DC2002F03ED /* Shared */,
			);
			sourceTree = "<group>";
		};
		8976D0F83072425200995266 /* Products */ = {
			isa = PBXGroup;
			children = (
				8976D0F73072425200995266 /* MailCorrector.app */,
				8971EA7430724D56002F03ED /* MailCorrectorExtension.appex */,
			);
			name = Products;
			sourceTree = "<group>";
		};
		89D9456130752F9D00586C4E /* Config */ = {
			isa = PBXGroup;
			children = (
				89D9455E30752F9D00586C4E /* Base.xcconfig */,
				89D9455F30752F9D00586C4E /* Developer.xcconfig */,
				89D9456030752F9D00586C4E /* Developer.xcconfig.example */,
			);
			path = Config;
			sourceTree = "<group>";
		};
/* End PBXGroup section */

/* Begin PBXNativeTarget section */
		8971EA7330724D56002F03ED /* MailCorrectorExtension */ = {
			isa = PBXNativeTarget;
			buildConfigurationList = 8971EA8030724D56002F03ED /* Build configuration list for PBXNativeTarget "MailCorrectorExtension" */;
			buildPhases = (
				8971EA7030724D56002F03ED /* Sources */,
				8971EA7130724D56002F03ED /* Frameworks */,
				8971EA7230724D56002F03ED /* Resources */,
			);
			buildRules = (
			);
			fileSystemSynchronizedGroups = (
				8971EA7530724D56002F03ED /* MailCorrectorExtension */,
			);
			name = MailCorrectorExtension;
			productName = MailCorrectorExtension;
			productReference = 8971EA7430724D56002F03ED /* MailCorrectorExtension.appex */;
			productType = "com.apple.product-type.app-extension";
		};
		8976D0F63072425200995266 /* MailCorrector */ = {
			isa = PBXNativeTarget;
			buildConfigurationList = 8976D1023072425300995266 /* Build configuration list for PBXNativeTarget "MailCorrector" */;
			buildPhases = (
				8976D0F33072425200995266 /* Sources */,
				8976D0F43072425200995266 /* Frameworks */,
				8976D0F53072425200995266 /* Resources */,
				8971EA7C30724D56002F03ED /* Embed Foundation Extensions */,
			);
			buildRules = (
			);
			dependencies = (
				8971EA7A30724D56002F03ED /* PBXTargetDependency */,
			);
			fileSystemSynchronizedGroups = (
				8976D0F93072425200995266 /* MailCorrector */,
			);
			name = MailCorrector;
			productName = MailCorrector;
			productReference = 8976D0F73072425200995266 /* MailCorrector.app */;
			productType = "com.apple.product-type.application";
		};
/* End PBXNativeTarget section */

/* Begin PBXProject section */
		8976D0EF3072425200995266 /* Project object */ = {
			isa = PBXProject;
			attributes = {
				BuildIndependentTargetsInParallel = 1;
				LastSwiftUpdateCheck = 2700;
				LastUpgradeCheck = 2700;
				TargetAttributes = {
					8971EA7330724D56002F03ED = {
						CreatedOnToolsVersion = 27.0;
					};
					8976D0F63072425200995266 = {
						CreatedOnToolsVersion = 27.0;
					};
				};
			};
			buildConfigurationList = 8976D0F23072425200995266 /* Build configuration list for PBXProject "MailCorrector" */;
			developmentRegion = en;
			hasScannedForEncodings = 0;
			knownRegions = (
				en,
				Base,
			);
			mainGroup = 8976D0EE3072425200995266;
			minimizedProjectReferenceProxies = 1;
			preferredProjectObjectVersion = 77;
			productRefGroup = 8976D0F83072425200995266 /* Products */;
			projectDirPath = "";
			projectRoot = "";
			targets = (
				8976D0F63072425200995266 /* MailCorrector */,
				8971EA7330724D56002F03ED /* MailCorrectorExtension */,
			);
		};
/* End PBXProject section */

/* Begin PBXResourcesBuildPhase section */
		8971EA7230724D56002F03ED /* Resources */ = {
			isa = PBXResourcesBuildPhase;
			files = (
			);
		};
		8976D0F53072425200995266 /* Resources */ = {
			isa = PBXResourcesBuildPhase;
			files = (
			);
		};
/* End PBXResourcesBuildPhase section */

/* Begin PBXSourcesBuildPhase section */
		8971EA7030724D56002F03ED /* Sources */ = {
			isa = PBXSourcesBuildPhase;
			files = (
				8971EA9030724F0E002F03ED /* KeychainStore.swift in Sources */,
				890C5789307A202F0027FF16 /* TextAction.swift in Sources */,
				8971EA9130724F0E002F03ED /* OpenAIClient.swift in Sources */,
				890C578B307A2E960027FF16 /* ModelTier.swift in Sources */,
				890C578F307A2EA70027FF16 /* Preferences.swift in Sources */,
			);
		};
		8976D0F33072425200995266 /* Sources */ = {
			isa = PBXSourcesBuildPhase;
			files = (
				890C5788307A202F0027FF16 /* TextAction.swift in Sources */,
				890C578E307A2EA70027FF16 /* Preferences.swift in Sources */,
				890C578C307A2E960027FF16 /* ModelTier.swift in Sources */,
				8971EA8E30724F0E002F03ED /* OpenAIClient.swift in Sources */,
				8971EA8F30724F0E002F03ED /* KeychainStore.swift in Sources */,
			);
		};
/* End PBXSourcesBuildPhase section */

/* Begin PBXTargetDependency section */
		8971EA7A30724D56002F03ED /* PBXTargetDependency */ = {
			isa = PBXTargetDependency;
			target = 8971EA7330724D56002F03ED /* MailCorrectorExtension */;
			targetProxy = 8971EA7930724D56002F03ED /* PBXContainerItemProxy */;
		};
/* End PBXTargetDependency section */

/* Begin XCBuildConfiguration section */
		8971EA7D30724D56002F03ED /* Debug configuration for PBXNativeTarget "MailCorrectorExtension" */ = {
			isa = XCBuildConfiguration;
			baseConfigurationReference = 89D9455E30752F9D00586C4E /* Base.xcconfig */;
			buildSettings = {
				CODE_SIGN_ENTITLEMENTS = MailCorrectorExtension/MailCorrectorExtension.entitlements;
				CODE_SIGN_STYLE = Automatic;
				CURRENT_PROJECT_VERSION = 1;
				DEVELOPMENT_TEAM = "$(DEVELOPMENT_TEAM)";
				ENABLE_APP_SANDBOX = YES;
				ENABLE_INCOMING_NETWORK_CONNECTIONS = YES;
				ENABLE_OUTGOING_NETWORK_CONNECTIONS = YES;
				ENABLE_RESOURCE_ACCESS_AUDIO_INPUT = NO;
				ENABLE_RESOURCE_ACCESS_BLUETOOTH = NO;
				ENABLE_RESOURCE_ACCESS_CALENDARS = NO;
				ENABLE_RESOURCE_ACCESS_CAMERA = NO;
				ENABLE_RESOURCE_ACCESS_CONTACTS = NO;
				ENABLE_RESOURCE_ACCESS_LOCATION = NO;
				ENABLE_RESOURCE_ACCESS_PRINTING = NO;
				ENABLE_RESOURCE_ACCESS_USB = NO;
				GENERATE_INFOPLIST_FILE = YES;
				INFOPLIST_FILE = MailCorrectorExtension/Info.plist;
				INFOPLIST_KEY_CFBundleDisplayName = MailCorrectorExtension;
				INFOPLIST_KEY_NSHumanReadableCopyright = "";
				IPHONEOS_DEPLOYMENT_TARGET = 27.0;
				LD_RUNPATH_SEARCH_PATHS = (
					"$(inherited)",
					"@executable_path/Frameworks",
					"@executable_path/../../Frameworks",
				);
				"LD_RUNPATH_SEARCH_PATHS[sdk=macosx*]" = (
					"$(inherited)",
					"@executable_path/../Frameworks",
					"@executable_path/../../../../Frameworks",
				);
				MACOSX_DEPLOYMENT_TARGET = 26.0;
				MARKETING_VERSION = 1.0;
				PRODUCT_BUNDLE_IDENTIFIER = "$(EXTENSION_BUNDLE_ID)";
				PRODUCT_NAME = "$(TARGET_NAME)";
				REGISTER_APP_GROUPS = YES;
				SDKROOT = auto;
				SKIP_INSTALL = YES;
				STRING_CATALOG_GENERATE_SYMBOLS = YES;
				SUPPORTED_PLATFORMS = macosx;
				SWIFT_APPROACHABLE_CONCURRENCY = YES;
				SWIFT_EMIT_LOC_STRINGS = YES;
				SWIFT_UPCOMING_FEATURE_MEMBER_IMPORT_VISIBILITY = YES;
				SWIFT_VERSION = 5.0;
				TARGETED_DEVICE_FAMILY = 2;
				XROS_DEPLOYMENT_TARGET = 27.0;
			};
			name = Debug;
		};
		8971EA7E30724D56002F03ED /* Release configuration for PBXNativeTarget "MailCorrectorExtension" */ = {
			isa = XCBuildConfiguration;
			baseConfigurationReference = 89D9455E30752F9D00586C4E /* Base.xcconfig */;
			buildSettings = {
				CODE_SIGN_ENTITLEMENTS = MailCorrectorExtension/MailCorrectorExtension.entitlements;
				CODE_SIGN_STYLE = Automatic;
				CURRENT_PROJECT_VERSION = 1;
				DEVELOPMENT_TEAM = "$(DEVELOPMENT_TEAM)";
				ENABLE_APP_SANDBOX = YES;
				ENABLE_INCOMING_NETWORK_CONNECTIONS = YES;
				ENABLE_OUTGOING_NETWORK_CONNECTIONS = YES;
				ENABLE_RESOURCE_ACCESS_AUDIO_INPUT = NO;
				ENABLE_RESOURCE_ACCESS_BLUETOOTH = NO;
				ENABLE_RESOURCE_ACCESS_CALENDARS = NO;
				ENABLE_RESOURCE_ACCESS_CAMERA = NO;
				ENABLE_RESOURCE_ACCESS_CONTACTS = NO;
				ENABLE_RESOURCE_ACCESS_LOCATION = NO;
				ENABLE_RESOURCE_ACCESS_PRINTING = NO;
				ENABLE_RESOURCE_ACCESS_USB = NO;
				GENERATE_INFOPLIST_FILE = YES;
				INFOPLIST_FILE = MailCorrectorExtension/Info.plist;
				INFOPLIST_KEY_CFBundleDisplayName = MailCorrectorExtension;
				INFOPLIST_KEY_NSHumanReadableCopyright = "";
				IPHONEOS_DEPLOYMENT_TARGET = 27.0;
				LD_RUNPATH_SEARCH_PATHS = (
					"$(inherited)",
					"@executable_path/Frameworks",
					"@executable_path/../../Frameworks",
				);
				"LD_RUNPATH_SEARCH_PATHS[sdk=macosx*]" = (
					"$(inherited)",
					"@executable_path/../Frameworks",
					"@executable_path/../../../../Frameworks",
				);
				MACOSX_DEPLOYMENT_TARGET = 26.0;
				MARKETING_VERSION = 1.0;
				PRODUCT_BUNDLE_IDENTIFIER = "$(EXTENSION_BUNDLE_ID)";
				PRODUCT_NAME = "$(TARGET_NAME)";
				REGISTER_APP_GROUPS = YES;
				SDKROOT = auto;
				SKIP_INSTALL = YES;
				STRING_CATALOG_GENERATE_SYMBOLS = YES;
				SUPPORTED_PLATFORMS = macosx;
				SWIFT_APPROACHABLE_CONCURRENCY = YES;
				SWIFT_EMIT_LOC_STRINGS = YES;
				SWIFT_UPCOMING_FEATURE_MEMBER_IMPORT_VISIBILITY = YES;
				SWIFT_VERSION = 5.0;
				TARGETED_DEVICE_FAMILY = 2;
				XROS_DEPLOYMENT_TARGET = 27.0;
			};
			name = Release;
		};
		8976D1003072425300995266 /* Debug configuration for PBXProject "MailCorrector" */ = {
			isa = XCBuildConfiguration;
			baseConfigurationReference = 89D9455E30752F9D00586C4E /* Base.xcconfig */;
			buildSettings = {
				ALWAYS_SEARCH_USER_PATHS = NO;
				ASSETCATALOG_COMPILER_GENERATE_SWIFT_ASSET_SYMBOL_EXTENSIONS = YES;
				CLANG_ANALYZER_NONNULL = YES;
				CLANG_ANALYZER_NUMBER_OBJECT_CONVERSION = YES_AGGRESSIVE;
				CLANG_CXX_LANGUAGE_STANDARD = "gnu++20";
				CLANG_ENABLE_MODULES = YES;
				CLANG_ENABLE_OBJC_ARC = YES;
				CLANG_ENABLE_OBJC_WEAK = YES;
				CLANG_WARN_BLOCK_CAPTURE_AUTORELEASING = YES;
				CLANG_WARN_BOOL_CONVERSION = YES;
				CLANG_WARN_COMMA = YES;
				CLANG_WARN_CONSTANT_CONVERSION = YES;
				CLANG_WARN_DEPRECATED_OBJC_IMPLEMENTATIONS = YES;
				CLANG_WARN_DIRECT_OBJC_ISA_USAGE = YES_ERROR;
				CLANG_WARN_DOCUMENTATION_COMMENTS = YES;
				CLANG_WARN_EMPTY_BODY = YES;
				CLANG_WARN_ENUM_CONVERSION = YES;
				CLANG_WARN_INFINITE_RECURSION = YES;
				CLANG_WARN_INT_CONVERSION = YES;
				CLANG_WARN_NON_LITERAL_NULL_CONVERSION = YES;
				CLANG_WARN_OBJC_IMPLICIT_RETAIN_SELF = YES;
				CLANG_WARN_OBJC_LITERAL_CONVERSION = YES;
				CLANG_WARN_OBJC_ROOT_CLASS = YES_ERROR;
				CLANG_WARN_QUOTED_INCLUDE_IN_FRAMEWORK_HEADER = YES;
				CLANG_WARN_RANGE_LOOP_ANALYSIS = YES;
				CLANG_WARN_STRICT_PROTOTYPES = YES;
				CLANG_WARN_SUSPICIOUS_MOVE = YES;
				CLANG_WARN_UNGUARDED_AVAILABILITY = YES_AGGRESSIVE;
				CLANG_WARN_UNREACHABLE_CODE = YES;
				CLANG_WARN__DUPLICATE_METHOD_MATCH = YES;
				COPY_PHASE_STRIP = NO;
				DEBUG_INFORMATION_FORMAT = dwarf;
				DEVELOPMENT_TEAM = "";
				ENABLE_STRICT_OBJC_MSGSEND = YES;
				ENABLE_TESTABILITY = YES;
				ENABLE_USER_SCRIPT_SANDBOXING = YES;
				GCC_C_LANGUAGE_STANDARD = gnu17;
				GCC_DYNAMIC_NO_PIC = NO;
				GCC_NO_COMMON_BLOCKS = YES;
				GCC_OPTIMIZATION_LEVEL = 0;
				GCC_PREPROCESSOR_DEFINITIONS = (
					"DEBUG=1",
					"$(inherited)",
				);
				GCC_WARN_64_TO_32_BIT_CONVERSION = YES;
				GCC_WARN_ABOUT_RETURN_TYPE = YES_ERROR;
				GCC_WARN_UNDECLARED_SELECTOR = YES;
				GCC_WARN_UNINITIALIZED_AUTOS = YES_AGGRESSIVE;
				GCC_WARN_UNUSED_FUNCTION = YES;
				GCC_WARN_UNUSED_VARIABLE = YES;
				LOCALIZATION_PREFERS_STRING_CATALOGS = YES;
				MACOSX_DEPLOYMENT_TARGET = 27.0;
				MTL_ENABLE_DEBUG_INFO = INCLUDE_SOURCE;
				MTL_FAST_MATH = YES;
				ONLY_ACTIVE_ARCH = YES;
				PRODUCT_BUNDLE_IDENTIFIER = "";
				SDKROOT = macosx;
				SWIFT_ACTIVE_COMPILATION_CONDITIONS = "DEBUG $(inherited)";
				SWIFT_OPTIMIZATION_LEVEL = "-Onone";
			};
			name = Debug;
		};
		8976D1013072425300995266 /* Release configuration for PBXProject "MailCorrector" */ = {
			isa = XCBuildConfiguration;
			baseConfigurationReference = 89D9455E30752F9D00586C4E /* Base.xcconfig */;
			buildSettings = {
				ALWAYS_SEARCH_USER_PATHS = NO;
				ASSETCATALOG_COMPILER_GENERATE_SWIFT_ASSET_SYMBOL_EXTENSIONS = YES;
				CLANG_ANALYZER_NONNULL = YES;
				CLANG_ANALYZER_NUMBER_OBJECT_CONVERSION = YES_AGGRESSIVE;
				CLANG_CXX_LANGUAGE_STANDARD = "gnu++20";
				CLANG_ENABLE_MODULES = YES;
				CLANG_ENABLE_OBJC_ARC = YES;
				CLANG_ENABLE_OBJC_WEAK = YES;
				CLANG_WARN_BLOCK_CAPTURE_AUTORELEASING = YES;
				CLANG_WARN_BOOL_CONVERSION = YES;
				CLANG_WARN_COMMA = YES;
				CLANG_WARN_CONSTANT_CONVERSION = YES;
				CLANG_WARN_DEPRECATED_OBJC_IMPLEMENTATIONS = YES;
				CLANG_WARN_DIRECT_OBJC_ISA_USAGE = YES_ERROR;
				CLANG_WARN_DOCUMENTATION_COMMENTS = YES;
				CLANG_WARN_EMPTY_BODY = YES;
				CLANG_WARN_ENUM_CONVERSION = YES;
				CLANG_WARN_INFINITE_RECURSION = YES;
				CLANG_WARN_INT_CONVERSION = YES;
				CLANG_WARN_NON_LITERAL_NULL_CONVERSION = YES;
				CLANG_WARN_OBJC_IMPLICIT_RETAIN_SELF = YES;
				CLANG_WARN_OBJC_LITERAL_CONVERSION = YES;
				CLANG_WARN_OBJC_ROOT_CLASS = YES_ERROR;
				CLANG_WARN_QUOTED_INCLUDE_IN_FRAMEWORK_HEADER = YES;
				CLANG_WARN_RANGE_LOOP_ANALYSIS = YES;
				CLANG_WARN_STRICT_PROTOTYPES = YES;
				CLANG_WARN_SUSPICIOUS_MOVE = YES;
				CLANG_WARN_UNGUARDED_AVAILABILITY = YES_AGGRESSIVE;
				CLANG_WARN_UNREACHABLE_CODE = YES;
				CLANG_WARN__DUPLICATE_METHOD_MATCH = YES;
				COPY_PHASE_STRIP = NO;
				DEBUG_INFORMATION_FORMAT = "dwarf-with-dsym";
				DEVELOPMENT_TEAM = "";
				ENABLE_NS_ASSERTIONS = NO;
				ENABLE_STRICT_OBJC_MSGSEND = YES;
				ENABLE_USER_SCRIPT_SANDBOXING = YES;
				GCC_C_LANGUAGE_STANDARD = gnu17;
				GCC_NO_COMMON_BLOCKS = YES;
				GCC_WARN_64_TO_32_BIT_CONVERSION = YES;
				GCC_WARN_ABOUT_RETURN_TYPE = YES_ERROR;
				GCC_WARN_UNDECLARED_SELECTOR = YES;
				GCC_WARN_UNINITIALIZED_AUTOS = YES_AGGRESSIVE;
				GCC_WARN_UNUSED_FUNCTION = YES;
				GCC_WARN_UNUSED_VARIABLE = YES;
				LOCALIZATION_PREFERS_STRING_CATALOGS = YES;
				MACOSX_DEPLOYMENT_TARGET = 27.0;
				MTL_ENABLE_DEBUG_INFO = NO;
				MTL_FAST_MATH = YES;
				PRODUCT_BUNDLE_IDENTIFIER = "";
				SDKROOT = macosx;
				SWIFT_COMPILATION_MODE = wholemodule;
			};
			name = Release;
		};
		8976D1033072425300995266 /* Debug configuration for PBXNativeTarget "MailCorrector" */ = {
			isa = XCBuildConfiguration;
			baseConfigurationReference = 89D9455E30752F9D00586C4E /* Base.xcconfig */;
			buildSettings = {
				ASSETCATALOG_COMPILER_APPICON_NAME = AppIcon;
				ASSETCATALOG_COMPILER_GLOBAL_ACCENT_COLOR_NAME = AccentColor;
				CODE_SIGN_ENTITLEMENTS = MailCorrector/MailCorrector.entitlements;
				CODE_SIGN_STYLE = Automatic;
				COMBINE_HIDPI_IMAGES = YES;
				CURRENT_PROJECT_VERSION = 1;
				DEVELOPMENT_TEAM = "$(DEVELOPMENT_TEAM)";
				ENABLE_APP_SANDBOX = YES;
				ENABLE_HARDENED_RUNTIME = YES;
				ENABLE_INCOMING_NETWORK_CONNECTIONS = YES;
				ENABLE_OUTGOING_NETWORK_CONNECTIONS = YES;
				ENABLE_PREVIEWS = YES;
				ENABLE_RESOURCE_ACCESS_AUDIO_INPUT = NO;
				ENABLE_RESOURCE_ACCESS_BLUETOOTH = NO;
				ENABLE_RESOURCE_ACCESS_CALENDARS = NO;
				ENABLE_RESOURCE_ACCESS_CAMERA = NO;
				ENABLE_RESOURCE_ACCESS_CONTACTS = NO;
				ENABLE_RESOURCE_ACCESS_LOCATION = NO;
				ENABLE_RESOURCE_ACCESS_PRINTING = NO;
				ENABLE_RESOURCE_ACCESS_USB = NO;
				ENABLE_USER_SELECTED_FILES = readonly;
				GENERATE_INFOPLIST_FILE = YES;
				INFOPLIST_KEY_NSHumanReadableCopyright = "";
				LD_RUNPATH_SEARCH_PATHS = (
					"$(inherited)",
					"@executable_path/../Frameworks",
				);
				MACOSX_DEPLOYMENT_TARGET = 26.0;
				MARKETING_VERSION = 1.0;
				PRODUCT_BUNDLE_IDENTIFIER = "$(APP_BUNDLE_ID)";
				PRODUCT_NAME = "$(TARGET_NAME)";
				REGISTER_APP_GROUPS = YES;
				STRING_CATALOG_GENERATE_SYMBOLS = YES;
				SWIFT_APPROACHABLE_CONCURRENCY = YES;
				SWIFT_DEFAULT_ACTOR_ISOLATION = MainActor;
				SWIFT_EMIT_LOC_STRINGS = YES;
				SWIFT_UPCOMING_FEATURE_MEMBER_IMPORT_VISIBILITY = YES;
				SWIFT_VERSION = 5.0;
			};
			name = Debug;
		};
		8976D1043072425300995266 /* Release configuration for PBXNativeTarget "MailCorrector" */ = {
			isa = XCBuildConfiguration;
			baseConfigurationReference = 89D9455E30752F9D00586C4E /* Base.xcconfig */;
			buildSettings = {
				ASSETCATALOG_COMPILER_APPICON_NAME = AppIcon;
				ASSETCATALOG_COMPILER_GLOBAL_ACCENT_COLOR_NAME = AccentColor;
				CODE_SIGN_ENTITLEMENTS = MailCorrector/MailCorrector.entitlements;
				CODE_SIGN_STYLE = Automatic;
				COMBINE_HIDPI_IMAGES = YES;
				CURRENT_PROJECT_VERSION = 1;
				DEVELOPMENT_TEAM = "$(DEVELOPMENT_TEAM)";
				ENABLE_APP_SANDBOX = YES;
				ENABLE_HARDENED_RUNTIME = YES;
				ENABLE_INCOMING_NETWORK_CONNECTIONS = YES;
				ENABLE_OUTGOING_NETWORK_CONNECTIONS = YES;
				ENABLE_PREVIEWS = YES;
				ENABLE_RESOURCE_ACCESS_AUDIO_INPUT = NO;
				ENABLE_RESOURCE_ACCESS_BLUETOOTH = NO;
				ENABLE_RESOURCE_ACCESS_CALENDARS = NO;
				ENABLE_RESOURCE_ACCESS_CAMERA = NO;
				ENABLE_RESOURCE_ACCESS_CONTACTS = NO;
				ENABLE_RESOURCE_ACCESS_LOCATION = NO;
				ENABLE_RESOURCE_ACCESS_PRINTING = NO;
				ENABLE_RESOURCE_ACCESS_USB = NO;
				ENABLE_USER_SELECTED_FILES = readonly;
				GENERATE_INFOPLIST_FILE = YES;
				INFOPLIST_KEY_NSHumanReadableCopyright = "";
				LD_RUNPATH_SEARCH_PATHS = (
					"$(inherited)",
					"@executable_path/../Frameworks",
				);
				MACOSX_DEPLOYMENT_TARGET = 26.0;
				MARKETING_VERSION = 1.0;
				PRODUCT_BUNDLE_IDENTIFIER = "$(APP_BUNDLE_ID)";
				PRODUCT_NAME = "$(TARGET_NAME)";
				REGISTER_APP_GROUPS = YES;
				STRING_CATALOG_GENERATE_SYMBOLS = YES;
				SWIFT_APPROACHABLE_CONCURRENCY = YES;
				SWIFT_DEFAULT_ACTOR_ISOLATION = MainActor;
				SWIFT_EMIT_LOC_STRINGS = YES;
				SWIFT_UPCOMING_FEATURE_MEMBER_IMPORT_VISIBILITY = YES;
				SWIFT_VERSION = 5.0;
			};
			name = Release;
		};
/* End XCBuildConfiguration section */

/* Begin XCConfigurationList section */
		8971EA8030724D56002F03ED /* Build configuration list for PBXNativeTarget "MailCorrectorExtension" */ = {
			isa = XCConfigurationList;
			buildConfigurations = (
				8971EA7D30724D56002F03ED /* Debug configuration for PBXNativeTarget "MailCorrectorExtension" */,
				8971EA7E30724D56002F03ED /* Release configuration for PBXNativeTarget "MailCorrectorExtension" */,
			);
			defaultConfigurationName = Release;
		};
		8976D0F23072425200995266 /* Build configuration list for PBXProject "MailCorrector" */ = {
			isa = XCConfigurationList;
			buildConfigurations = (
				8976D1003072425300995266 /* Debug configuration for PBXProject "MailCorrector" */,
				8976D1013072425300995266 /* Release configuration for PBXProject "MailCorrector" */,
			);
			defaultConfigurationName = Release;
		};
		8976D1023072425300995266 /* Build configuration list for PBXNativeTarget "MailCorrector" */ = {
			isa = XCConfigurationList;
			buildConfigurations = (
				8976D1033072425300995266 /* Debug configuration for PBXNativeTarget "MailCorrector" */,
				8976D1043072425300995266 /* Release configuration for PBXNativeTarget "MailCorrector" */,
			);
			defaultConfigurationName = Release;
		};
/* End XCConfigurationList section */
	};
	rootObject = 8976D0EF3072425200995266 /* Project object */;
	validationLevel = 1;
}
